
Microsoft Visual Studio Solution File, Format Version 12.00
# Visual Studio Version 17
VisualStudioVersion = 17.10.35004.147
MinimumVisualStudioVersion = 10.0.40219.1
Project("{9A19103F-16F7-4668-BE54-9A1E7A4F7556}") = "Inf03.Solver.Business", "Inf03.Solver.Business\Inf03.Solver.Business.csproj", "{6CF26D18-DC93-468C-A553-3813A835897D}"
EndProject
Project("{9A19103F-16F7-4668-BE54-9A1E7A4F7556}") = "Inf03.Solver.DataAccess", "Inf03.Solver.DataAccess\Inf03.Solver.DataAccess.csproj", "{F8832F8E-D6C0-4EDD-9AEA-7754D036C780}"
EndProject
Project("{9A19103F-16F7-4668-BE54-9A1E7A4F7556}") = "Inf03.Solver.XUnitInf03ApiTest", "Inf03.Solver.XUnitInf03ApiTest\Inf03.Solver.XUnitInf03ApiTest.csproj", "{942A4718-EFA4-4B5D-B01C-0368FB7CD3D4}"
EndProject
Project("{9A19103F-16F7-4668-BE54-9A1E7A4F7556}") = "Inf03.Solver.Inf03Api", "Inf03.Solver.Inf03Api\Inf03.Solver.Inf03Api.csproj", "{A71D5773-C08A-4048-9455-981FA0DA8A9E}"
EndProject
Global
	GlobalSection(SolutionConfigurationPlatforms) = preSolution
		Debug|Any CPU = Debug|Any CPU
		Release|Any CPU = Release|Any CPU
	EndGlobalSection
	GlobalSection(ProjectConfigurationPlatforms) = postSolution
		{6CF26D18-DC93-468C-A553-3813A835897D}.Debug|Any CPU.ActiveCfg = Debug|Any CPU
		{6CF26D18-DC93-468C-A553-3813A835897D}.Debug|Any CPU.Build.0 = Debug|Any CPU
		{6CF26D18-DC93-468C-A553-3813A835897D}.Release|Any CPU.ActiveCfg = Release|Any CPU
		{6CF26D18-DC93-468C-A553-3813A835897D}.Release|Any CPU.Build.0 = Release|Any CPU
		{F8832F8E-D6C0-4EDD-9AEA-7754D036C780}.Debug|Any CPU.ActiveCfg = Debug|Any CPU
		{F8832F8E-D6C0-4EDD-9AEA-7754D036C780}.Debug|Any CPU.Build.0 = Debug|Any CPU
		{F8832F8E-D6C0-4EDD-9AEA-7754D036C780}.Release|Any CPU.ActiveCfg = Release|Any CPU
		{F8832F8E-D6C0-4EDD-9AEA-7754D036C780}.Release|Any CPU.Build.0 = Release|Any CPU
		{942A4718-EFA4-4B5D-B01C-0368FB7CD3D4}.Debug|Any CPU.ActiveCfg = Debug|Any CPU
		{942A4718-EFA4-4B5D-B01C-0368FB7CD3D4}.Debug|Any CPU.Build.0 = Debug|Any CPU
		{942A4718-EFA4-4B5D-B01C-0368FB7CD3D4}.Release|Any CPU.ActiveCfg = Release|Any CPU
		{942A4718-EFA4-4B5D-B01C-0368FB7CD3D4}.Release|Any CPU.Build.0 = Release|Any CPU
		{A71D5773-C08A-4048-9455-981FA0DA8A9E}.Debug|Any CPU.ActiveCfg = Debug|Any CPU
		{A71D5773-C08A-4048-9455-981FA0DA8A9E}.Debug|Any CPU.Build.0 = Debug|Any CPU
		{A71D5773-C08A-4048-9455-981FA0DA8A9E}.Release|Any CPU.ActiveCfg = Release|Any CPU
		{A71D5773-C08A-4048-9455-981FA0DA8A9E}.Release|Any CPU.Build.0 = Release|Any CPU
	EndGlobalSection
	GlobalSection(SolutionProperties) = preSolution
		HideSolutionNode = FALSE
	EndGlobalSection
	GlobalSection(ExtensibilityGlobals) = postSolution
		SolutionGuid = {A9586C15-0470-4975-91A4-1C7F740EA99F}
	EndGlobalSection
EndGlobal
